{
  "name": "feishu-bridge",
  "version": "0.1.0",
  "lockfileVersion": 3,
  "requires": true,
  "packages": {
    "": {
      "name": "feishu-bridge",
      "version": "0.1.0",
      "bin": {
        "feishu-bridge": "src/cli.mjs"
      },
      "engines": {
        "node": ">=22.13"
      }
    }
  }
}
